// !$*UTF8*$!
{
	archiveVersion = 1;
	classes = {
	};
	objectVersion = 55;
	objects = {

/* Begin PBXBuildFile section */
		0452F8EF291D5F87000B71B9 /* DetailPhotoView.swift in Sources */ = {isa = PBXBuildFile; fileRef = 0452F8EE291D5F87000B71B9 /* DetailPhotoView.swift */; };
		0479E629294134FF007F1DD3 /* ThruHomeView2.swift in Sources */ = {isa = PBXBuildFile; fileRef = 0479E628294134FF007F1DD3 /* ThruHomeView2.swift */; };
		0479E62D2942675E007F1DD3 /* TestAlbumView.swift in Sources */ = {isa = PBXBuildFile; fileRef = 0479E62C2942675E007F1DD3 /* TestAlbumView.swift */; };
		0479E62F29426777007F1DD3 /* TestNotification.swift in Sources */ = {isa = PBXBuildFile; fileRef = 0479E62E29426777007F1DD3 /* TestNotification.swift */; };
		0479E631294267B0007F1DD3 /* ThruAlbumButtonView.swift in Sources */ = {isa = PBXBuildFile; fileRef = 0479E630294267B0007F1DD3 /* ThruAlbumButtonView.swift */; };
		E110247B2901BB4200CBBA90 /* QuickShare2App.swift in Sources */ = {isa = PBXBuildFile; fileRef = E110247A2901BB4200CBBA90 /* QuickShare2App.swift */; };
		E110247F2901BB4400CBBA90 /* Assets.xcassets in Resources */ = {isa = PBXBuildFile; fileRef = E110247E2901BB4400CBBA90 /* Assets.xcassets */; };
		E11024822901BB4400CBBA90 /* Preview Assets.xcassets in Resources */ = {isa = PBXBuildFile; fileRef = E11024812901BB4400CBBA90 /* Preview Assets.xcassets */; };
		E110248C2901BB4500CBBA90 /* QuickShare2Tests.swift in Sources */ = {isa = PBXBuildFile; fileRef = E110248B2901BB4500CBBA90 /* QuickShare2Tests.swift */; };
		E11024962901BB4500CBBA90 /* QuickShare2UITests.swift in Sources */ = {isa = PBXBuildFile; fileRef = E11024952901BB4500CBBA90 /* QuickShare2UITests.swift */; };
		E11024982901BB4500CBBA90 /* QuickShare2UITestsLaunchTests.swift in Sources */ = {isa = PBXBuildFile; fileRef = E11024972901BB4500CBBA90 /* QuickShare2UITestsLaunchTests.swift */; };
		E128D963291CC7DC002CF414 /* ImagePickerView.swift in Sources */ = {isa = PBXBuildFile; fileRef = E128D962291CC7DC002CF414 /* ImagePickerView.swift */; };
		E14E63C0290312C600A3DAF8 /* PhotosView.swift in Sources */ = {isa = PBXBuildFile; fileRef = E14E63BF290312C600A3DAF8 /* PhotosView.swift */; };
		FC5C46C32901DF46001886C0 /* ThruButton.swift in Sources */ = {isa = PBXBuildFile; fileRef = FC5C46C22901DF46001886C0 /* ThruButton.swift */; };
		FC5C46C52901E6E3001886C0 /* ThruHomeView.swift in Sources */ = {isa = PBXBuildFile; fileRef = FC5C46C42901E6E3001886C0 /* ThruHomeView.swift */; };
		FC5C46C72901E87A001886C0 /* ThruButtonView.swift in Sources */ = {isa = PBXBuildFile; fileRef = FC5C46C62901E87A001886C0 /* ThruButtonView.swift */; };
		FC5C46CB2901EC1D001886C0 /* ThruAlbumsView.swift in Sources */ = {isa = PBXBuildFile; fileRef = FC5C46CA2901EC1D001886C0 /* ThruAlbumsView.swift */; };
		FC5C46CF2901F7DC001886C0 /* ThruAlbums.swift in Sources */ = {isa = PBXBuildFile; fileRef = FC5C46CE2901F7DC001886C0 /* ThruAlbums.swift */; };
		FCAFA5BA291AF03000D8FB56 /* EditView.swift in Sources */ = {isa = PBXBuildFile; fileRef = FCAFA5B9291AF03000D8FB56 /* EditView.swift */; };
/* End PBXBuildFile section */

/* Begin PBXContainerItemProxy section */
		E11024882901BB4500CBBA90 /* PBXContainerItemProxy */ = {
			isa = PBXContainerItemProxy;
			containerPortal = E110246F2901BB4200CBBA90 /* Project object */;
			proxyType = 1;
			remoteGlobalIDString = E11024762901BB4200CBBA90;
			remoteInfo = QuickShare2;
		};
		E11024922901BB4500CBBA90 /* PBXContainerItemProxy */ = {
			isa = PBXContainerItemProxy;
			containerPortal = E110246F2901BB4200CBBA90 /* Project object */;
			proxyType = 1;
			remoteGlobalIDString = E11024762901BB4200CBBA90;
			remoteInfo = QuickShare2;
		};
/* End PBXContainerItemProxy section */

/* Begin PBXFileReference section */
		0452F8EE291D5F87000B71B9 /* DetailPhotoView.swift */ = {isa = PBXFileReference; lastKnownFileType = sourcecode.swift; path = DetailPhotoView.swift; sourceTree = "<group>"; };
		0479E628294134FF007F1DD3 /* ThruHomeView2.swift */ = {isa = PBXFileReference; lastKnownFileType = sourcecode.swift; path = ThruHomeView2.swift; sourceTree = "<group>"; };
		0479E62C2942675E007F1DD3 /* TestAlbumView.swift */ = {isa = PBXFileReference; fileEncoding = 4; lastKnownFileType = sourcecode.swift; path = TestAlbumView.swift; sourceTree = "<group>"; };
		0479E62E29426777007F1DD3 /* TestNotification.swift */ = {isa = PBXFileReference; fileEncoding = 4; lastKnownFileType = sourcecode.swift; path = TestNotification.swift; sourceTree = "<group>"; };
		0479E630294267B0007F1DD3 /* ThruAlbumButtonView.swift */ = {isa = PBXFileReference; fileEncoding = 4; lastKnownFileType = sourcecode.swift; name = ThruAlbumButtonView.swift; path = ../../../Downloads/ThruAlbumButtonView.swift; sourceTree = "<group>"; };
		E11024772901BB4200CBBA90 /* QuickShare2.app */ = {isa = PBXFileReference; explicitFileType = wrapper.application; includeInIndex = 0; path = QuickShare2.app; sourceTree = BUILT_PRODUCTS_DIR; };
		E110247A2901BB4200CBBA90 /* QuickShare2App.swift */ = {isa = PBXFileReference; lastKnownFileType = sourcecode.swift; path = QuickShare2App.swift; sourceTree = "<group>"; };
		E110247E2901BB4400CBBA90 /* Assets.xcassets */ = {isa = PBXFileReference; lastKnownFileType = folder.assetcatalog; path = Assets.xcassets; sourceTree = "<group>"; };
		E11024812901BB4400CBBA90 /* Preview Assets.xcassets */ = {isa = PBXFileReference; lastKnownFileType = folder.assetcatalog; path = "Preview Assets.xcassets"; sourceTree = "<group>"; };
		E11024872901BB4500CBBA90 /* QuickShare2Tests.xctest */ = {isa = PBXFileReference; explicitFileType = wrapper.cfbundle; includeInIndex = 0; path = QuickShare2Tests.xctest; sourceTree = BUILT_PRODUCTS_DIR; };
		E110248B2901BB4500CBBA90 /* QuickShare2Tests.swift */ = {isa = PBXFileReference; lastKnownFileType = sourcecode.swift; path = QuickShare2Tests.swift; sourceTree = "<group>"; };
		E11024912901BB4500CBBA90 /* QuickShare2UITests.xctest */ = {isa = PBXFileReference; explicitFileType = wrapper.cfbundle; includeInIndex = 0; path = QuickShare2UITests.xctest; sourceTree = BUILT_PRODUCTS_DIR; };
		E11024952901BB4500CBBA90 /* QuickShare2UITests.swift */ = {isa = PBXFileReference; lastKnownFileType = sourcecode.swift; path = QuickShare2UITests.swift; sourceTree = "<group>"; };
		E11024972901BB4500CBBA90 /* QuickShare2UITestsLaunchTests.swift */ = {isa = PBXFileReference; lastKnownFileType = sourcecode.swift; path = QuickShare2UITestsLaunchTests.swift; sourceTree = "<group>"; };
		E128D962291CC7DC002CF414 /* ImagePickerView.swift */ = {isa = PBXFileReference; lastKnownFileType = sourcecode.swift; path = ImagePickerView.swift; sourceTree = "<group>"; };
		E14E63BF290312C600A3DAF8 /* PhotosView.swift */ = {isa = PBXFileReference; lastKnownFileType = sourcecode.swift; path = PhotosView.swift; sourceTree = "<group>"; };
		FC5C46C22901DF46001886C0 /* ThruButton.swift */ = {isa = PBXFileReference; lastKnownFileType = sourcecode.swift; path = ThruButton.swift; sourceTree = "<group>"; };
		FC5C46C42901E6E3001886C0 /* ThruHomeView.swift */ = {isa = PBXFileReference; lastKnownFileType = sourcecode.swift; path = ThruHomeView.swift; sourceTree = "<group>"; };
		FC5C46C62901E87A001886C0 /* ThruButtonView.swift */ = {isa = PBXFileReference; lastKnownFileType = sourcecode.swift; path = ThruButtonView.swift; sourceTree = "<group>"; };
		FC5C46CA2901EC1D001886C0 /* ThruAlbumsView.swift */ = {isa = PBXFileReference; lastKnownFileType = sourcecode.swift; path = ThruAlbumsView.swift; sourceTree = "<group>"; };
		FC5C46CE2901F7DC001886C0 /* ThruAlbums.swift */ = {isa = PBXFileReference; lastKnownFileType = sourcecode.swift; path = ThruAlbums.swift; sourceTree = "<group>"; };
		FCAFA5B9291AF03000D8FB56 /* EditView.swift */ = {isa = PBXFileReference; lastKnownFileType = sourcecode.swift; path = EditView.swift; sourceTree = "<group>"; };
/* End PBXFileReference section */

/* Begin PBXFrameworksBuildPhase section */
		E11024742901BB4200CBBA90 /* Frameworks */ = {
			isa = PBXFrameworksBuildPhase;
			buildActionMask = 2147483647;
			files = (
			);
			runOnlyForDeploymentPostprocessing = 0;
		};
		E11024842901BB4500CBBA90 /* Frameworks */ = {
			isa = PBXFrameworksBuildPhase;
			buildActionMask = 2147483647;
			files = (
			);
			runOnlyForDeploymentPostprocessing = 0;
		};
		E110248E2901BB4500CBBA90 /* Frameworks */ = {
			isa = PBXFrameworksBuildPhase;
			buildActionMask = 2147483647;
			files = (
			);
			runOnlyForDeploymentPostprocessing = 0;
		};
/* End PBXFrameworksBuildPhase section */

/* Begin PBXGroup section */
		0452F8F0291D69D9000B71B9 /* Models */ = {
			isa = PBXGroup;
			children = (
				FC5C46C22901DF46001886C0 /* ThruButton.swift */,
				FC5C46CE2901F7DC001886C0 /* ThruAlbums.swift */,
			);
			path = Models;
			sourceTree = "<group>";
		};
		E110246E2901BB4200CBBA90 = {
			isa = PBXGroup;
			children = (
				E11024792901BB4200CBBA90 /* QuickShare2 */,
				E110248A2901BB4500CBBA90 /* QuickShare2Tests */,
				E11024942901BB4500CBBA90 /* QuickShare2UITests */,
				E11024782901BB4200CBBA90 /* Products */,
			);
			sourceTree = "<group>";
		};
		E11024782901BB4200CBBA90 /* Products */ = {
			isa = PBXGroup;
			children = (
				E11024772901BB4200CBBA90 /* QuickShare2.app */,
				E11024872901BB4500CBBA90 /* QuickShare2Tests.xctest */,
				E11024912901BB4500CBBA90 /* QuickShare2UITests.xctest */,
			);
			name = Products;
			sourceTree = "<group>";
		};
		E11024792901BB4200CBBA90 /* QuickShare2 */ = {
			isa = PBXGroup;
			children = (
				0479E630294267B0007F1DD3 /* ThruAlbumButtonView.swift */,
				0479E62E29426777007F1DD3 /* TestNotification.swift */,
				0479E62C2942675E007F1DD3 /* TestAlbumView.swift */,
				E110247A2901BB4200CBBA90 /* QuickShare2App.swift */,
				E128D962291CC7DC002CF414 /* ImagePickerView.swift */,
				FCAFA5B9291AF03000D8FB56 /* EditView.swift */,
				0452F8F0291D69D9000B71B9 /* Models */,
				E14E63BF290312C600A3DAF8 /* PhotosView.swift */,
				0452F8EE291D5F87000B71B9 /* DetailPhotoView.swift */,
				FC5C46CA2901EC1D001886C0 /* ThruAlbumsView.swift */,
				E110247E2901BB4400CBBA90 /* Assets.xcassets */,
				E11024802901BB4400CBBA90 /* Preview Content */,
				FC5C46C42901E6E3001886C0 /* ThruHomeView.swift */,
				0479E628294134FF007F1DD3 /* ThruHomeView2.swift */,
				FC5C46C62901E87A001886C0 /* ThruButtonView.swift */,
			);
			path = QuickShare2;
			sourceTree = "<group>";
		};
		E11024802901BB4400CBBA90 /* Preview Content */ = {
			isa = PBXGroup;
			children = (
				E11024812901BB4400CBBA90 /* Preview Assets.xcassets */,
			);
			path = "Preview Content";
			sourceTree = "<group>";
		};
		E110248A2901BB4500CBBA90 /* QuickShare2Tests */ = {
			isa = PBXGroup;
			children = (
				E110248B2901BB4500CBBA90 /* QuickShare2Tests.swift */,
			);
			path = QuickShare2Tests;
			sourceTree = "<group>";
		};
		E11024942901BB4500CBBA90 /* QuickShare2UITests */ = {
			isa = PBXGroup;
			children = (
				E11024952901BB4500CBBA90 /* QuickShare2UITests.swift */,
				E11024972901BB4500CBBA90 /* QuickShare2UITestsLaunchTests.swift */,
			);
			path = QuickShare2UITests;
			sourceTree = "<group>";
		};
/* End PBXGroup section */

/* Begin PBXNativeTarget section */
		E11024762901BB4200CBBA90 /* QuickShare2 */ = {
			isa = PBXNativeTarget;
			buildConfigurationList = E110249B2901BB4500CBBA90 /* Build configuration list for PBXNativeTarget "QuickShare2" */;
			buildPhases = (
				E11024732901BB4200CBBA90 /* Sources */,
				E11024742901BB4200CBBA90 /* Frameworks */,
				E11024752901BB4200CBBA90 /* Resources */,
			);
			buildRules = (
			);
			dependencies = (
			);
			name = QuickShare2;
			productName = QuickShare2;
			productReference = E11024772901BB4200CBBA90 /* QuickShare2.app */;
			productType = "com.apple.product-type.application";
		};
		E11024862901BB4500CBBA90 /* QuickShare2Tests */ = {
			isa = PBXNativeTarget;
			buildConfigurationList = E110249E2901BB4500CBBA90 /* Build configuration list for PBXNativeTarget "QuickShare2Tests" */;
			buildPhases = (
				E11024832901BB4500CBBA90 /* Sources */,
				E11024842901BB4500CBBA90 /* Frameworks */,
				E11024852901BB4500CBBA90 /* Resources */,
			);
			buildRules = (
			);
			dependencies = (
				E11024892901BB4500CBBA90 /* PBXTargetDependency */,
			);
			name = QuickShare2Tests;
			productName = QuickShare2Tests;
			productReference = E11024872901BB4500CBBA90 /* QuickShare2Tests.xctest */;
			productType = "com.apple.product-type.bundle.unit-test";
		};
		E11024902901BB4500CBBA90 /* QuickShare2UITests */ = {
			isa = PBXNativeTarget;
			buildConfigurationList = E11024A12901BB4500CBBA90 /* Build configuration list for PBXNativeTarget "QuickShare2UITests" */;
			buildPhases = (
				E110248D2901BB4500CBBA90 /* Sources */,
				E110248E2901BB4500CBBA90 /* Frameworks */,
				E110248F2901BB4500CBBA90 /* Resources */,
			);
			buildRules = (
			);
			dependencies = (
				E11024932901BB4500CBBA90 /* PBXTargetDependency */,
			);
			name = QuickShare2UITests;
			productName = QuickShare2UITests;
			productReference = E11024912901BB4500CBBA90 /* QuickShare2UITests.xctest */;
			productType = "com.apple.product-type.bundle.ui-testing";
		};
/* End PBXNativeTarget section */

/* Begin PBXProject section */
		E110246F2901BB4200CBBA90 /* Project object */ = {
			isa = PBXProject;
			attributes = {
				BuildIndependentTargetsInParallel = 1;
				LastSwiftUpdateCheck = 1340;
				LastUpgradeCheck = 1340;
				TargetAttributes = {
					E11024762901BB4200CBBA90 = {
						CreatedOnToolsVersion = 13.4.1;
					};
					E11024862901BB4500CBBA90 = {
						CreatedOnToolsVersion = 13.4.1;
						TestTargetID = E11024762901BB4200CBBA90;
					};
					E11024902901BB4500CBBA90 = {
						CreatedOnToolsVersion = 13.4.1;
						TestTargetID = E11024762901BB4200CBBA90;
					};
				};
			};
			buildConfigurationList = E11024722901BB4200CBBA90 /* Build configuration list for PBXProject "QuickShare2" */;
			compatibilityVersion = "Xcode 13.0";
			developmentRegion = en;
			hasScannedForEncodings = 0;
			knownRegions = (
				en,
				Base,
			);
			mainGroup = E110246E2901BB4200CBBA90;
			productRefGroup = E11024782901BB4200CBBA90 /* Products */;
			projectDirPath = "";
			projectRoot = "";
			targets = (
				E11024762901BB4200CBBA90 /* QuickShare2 */,
				E11024862901BB4500CBBA90 /* QuickShare2Tests */,
				E11024902901BB4500CBBA90 /* QuickShare2UITests */,
			);
		};
/* End PBXProject section */

/* Begin PBXResourcesBuildPhase section */
		E11024752901BB4200CBBA90 /* Resources */ = {
			isa = PBXResourcesBuildPhase;
			buildActionMask = 2147483647;
			files = (
				E11024822901BB4400CBBA90 /* Preview Assets.xcassets in Resources */,
				E110247F2901BB4400CBBA90 /* Assets.xcassets in Resources */,
			);
			runOnlyForDeploymentPostprocessing = 0;
		};
		E11024852901BB4500CBBA90 /* Resources */ = {
			isa = PBXResourcesBuildPhase;
			buildActionMask = 2147483647;
			files = (
			);
			runOnlyForDeploymentPostprocessing = 0;
		};
		E110248F2901BB4500CBBA90 /* Resources */ = {
			isa = PBXResourcesBuildPhase;
			buildActionMask = 2147483647;
			files = (
			);
			runOnlyForDeploymentPostprocessing = 0;
		};
/* End PBXResourcesBuildPhase section */

/* Begin PBXSourcesBuildPhase section */
		E11024732901BB4200CBBA90 /* Sources */ = {
			isa = PBXSourcesBuildPhase;
			buildActionMask = 2147483647;
			files = (
				FC5C46C32901DF46001886C0 /* ThruButton.swift in Sources */,
				FC5C46C72901E87A001886C0 /* ThruButtonView.swift in Sources */,
				E14E63C0290312C600A3DAF8 /* PhotosView.swift in Sources */,
				0479E62D2942675E007F1DD3 /* TestAlbumView.swift in Sources */,
				E128D963291CC7DC002CF414 /* ImagePickerView.swift in Sources */,
				0479E62F29426777007F1DD3 /* TestNotification.swift in Sources */,
				0452F8EF291D5F87000B71B9 /* DetailPhotoView.swift in Sources */,
				FC5C46CF2901F7DC001886C0 /* ThruAlbums.swift in Sources */,
				0479E629294134FF007F1DD3 /* ThruHomeView2.swift in Sources */,
				FCAFA5BA291AF03000D8FB56 /* EditView.swift in Sources */,
				FC5C46C52901E6E3001886C0 /* ThruHomeView.swift in Sources */,
				E110247B2901BB4200CBBA90 /* QuickShare2App.swift in Sources */,
				0479E631294267B0007F1DD3 /* ThruAlbumButtonView.swift in Sources */,
				FC5C46CB2901EC1D001886C0 /* ThruAlbumsView.swift in Sources */,
			);
			runOnlyForDeploymentPostprocessing = 0;
		};
		E11024832901BB4500CBBA90 /* Sources */ = {
			isa = PBXSourcesBuildPhase;
			buildActionMask = 2147483647;
			files = (
				E110248C2901BB4500CBBA90 /* QuickShare2Tests.swift in Sources */,
			);
			runOnlyForDeploymentPostprocessing = 0;
		};
		E110248D2901BB4500CBBA90 /* Sources */ = {
			isa = PBXSourcesBuildPhase;
			buildActionMask = 2147483647;
			files = (
				E11024962901BB4500CBBA90 /* QuickShare2UITests.swift in Sources */,
				E11024982901BB4500CBBA90 /* QuickShare2UITestsLaunchTests.swift in Sources */,
			);
			runOnlyForDeploymentPostprocessing = 0;
		};
/* End PBXSourcesBuildPhase section */

/* Begin PBXTargetDependency section */
		E11024892901BB4500CBBA90 /* PBXTargetDependency */ = {
			isa = PBXTargetDependency;
			target = E11024762901BB4200CBBA90 /* QuickShare2 */;
			targetProxy = E11024882901BB4500CBBA90 /* PBXContainerItemProxy */;
		};
		E11024932901BB4500CBBA90 /* PBXTargetDependency */ = {
			isa = PBXTargetDependency;
			target = E11024762901BB4200CBBA90 /* QuickShare2 */;
			targetProxy = E11024922901BB4500CBBA90 /* PBXContainerItemProxy */;
		};
/* End PBXTargetDependency section */

/* Begin XCBuildConfiguration section */
		E11024992901BB4500CBBA90 /* Debug */ = {
			isa = XCBuildConfiguration;
			buildSettings = {
				ALWAYS_SEARCH_USER_PATHS = NO;
				CLANG_ANALYZER_NONNULL = YES;
				CLANG_ANALYZER_NUMBER_OBJECT_CONVERSION = YES_AGGRESSIVE;
				CLANG_CXX_LANGUAGE_STANDARD = "gnu++17";
				CLANG_ENABLE_MODULES = YES;
				CLANG_ENABLE_OBJC_ARC = YES;
				CLANG_ENABLE_OBJC_WEAK = YES;
				CLANG_WARN_BLOCK_CAPTURE_AUTORELEASING = YES;
				CLANG_WARN_BOOL_CONVERSION = YES;
				CLANG_WARN_COMMA = YES;
				CLANG_WARN_CONSTANT_CONVERSION = YES;
				CLANG_WARN_DEPRECATED_OBJC_IMPLEMENTATIONS = YES;
				CLANG_WARN_DIRECT_OBJC_ISA_USAGE = YES_ERROR;
				CLANG_WARN_DOCUMENTATION_COMMENTS = YES;
				CLANG_WARN_EMPTY_BODY = YES;
				CLANG_WARN_ENUM_CONVERSION = YES;
				CLANG_WARN_INFINITE_RECURSION = YES;
				CLANG_WARN_INT_CONVERSION = YES;
				CLANG_WARN_NON_LITERAL_NULL_CONVERSION = YES;
				CLANG_WARN_OBJC_IMPLICIT_RETAIN_SELF = YES;
				CLANG_WARN_OBJC_LITERAL_CONVERSION = YES;
				CLANG_WARN_OBJC_ROOT_CLASS = YES_ERROR;
				CLANG_WARN_QUOTED_INCLUDE_IN_FRAMEWORK_HEADER = YES;
				CLANG_WARN_RANGE_LOOP_ANALYSIS = YES;
				CLANG_WARN_STRICT_PROTOTYPES = YES;
				CLANG_WARN_SUSPICIOUS_MOVE = YES;
				CLANG_WARN_UNGUARDED_AVAILABILITY = YES_AGGRESSIVE;
				CLANG_WARN_UNREACHABLE_CODE = YES;
				CLANG_WARN__DUPLICATE_METHOD_MATCH = YES;
				COPY_PHASE_STRIP = NO;
				DEBUG_INFORMATION_FORMAT = dwarf;
				ENABLE_STRICT_OBJC_MSGSEND = YES;
				ENABLE_TESTABILITY = YES;
				GCC_C_LANGUAGE_STANDARD = gnu11;
				GCC_DYNAMIC_NO_PIC = NO;
				GCC_NO_COMMON_BLOCKS = YES;
				GCC_OPTIMIZATION_LEVEL = 0;
				GCC_PREPROCESSOR_DEFINITIONS = (
					"DEBUG=1",
					"$(inherited)",
				);
				GCC_WARN_64_TO_32_BIT_CONVERSION = YES;
				GCC_WARN_ABOUT_RETURN_TYPE = YES_ERROR;
				GCC_WARN_UNDECLARED_SELECTOR = YES;
				GCC_WARN_UNINITIALIZED_AUTOS = YES_AGGRESSIVE;
				GCC_WARN_UNUSED_FUNCTION = YES;
				GCC_WARN_UNUSED_VARIABLE = YES;
				IPHONEOS_DEPLOYMENT_TARGET = 16.1;
				MTL_ENABLE_DEBUG_INFO = INCLUDE_SOURCE;
				MTL_FAST_MATH = YES;
				ONLY_ACTIVE_ARCH = YES;
				SDKROOT = iphoneos;
				SWIFT_ACTIVE_COMPILATION_CONDITIONS = DEBUG;
				SWIFT_OPTIMIZATION_LEVEL = "-Onone";
			};
			name = Debug;
		};
		E110249A2901BB4500CBBA90 /* Release */ = {
			isa = XCBuildConfiguration;
			buildSettings = {
				ALWAYS_SEARCH_USER_PATHS = NO;
				CLANG_ANALYZER_NONNULL = YES;
				CLANG_ANALYZER_NUMBER_OBJECT_CONVERSION = YES_AGGRESSIVE;
				CLANG_CXX_LANGUAGE_STANDARD = "gnu++17";
				CLANG_ENABLE_MODULES = YES;
				CLANG_ENABLE_OBJC_ARC = YES;
				CLANG_ENABLE_OBJC_WEAK = YES;
				CLANG_WARN_BLOCK_CAPTURE_AUTORELEASING = YES;
				CLANG_WARN_BOOL_CONVERSION = YES;
				CLANG_WARN_COMMA = YES;
				CLANG_WARN_CONSTANT_CONVERSION = YES;
				CLANG_WARN_DEPRECATED_OBJC_IMPLEMENTATIONS = YES;
				CLANG_WARN_DIRECT_OBJC_ISA_USAGE = YES_ERROR;
				CLANG_WARN_DOCUMENTATION_COMMENTS = YES;
				CLANG_WARN_EMPTY_BODY = YES;
				CLANG_WARN_ENUM_CONVERSION = YES;
				CLANG_WARN_INFINITE_RECURSION = YES;
				CLANG_WARN_INT_CONVERSION = YES;
				CLANG_WARN_NON_LITERAL_NULL_CONVERSION = YES;
				CLANG_WARN_OBJC_IMPLICIT_RETAIN_SELF = YES;
				CLANG_WARN_OBJC_LITERAL_CONVERSION = YES;
				CLANG_WARN_OBJC_ROOT_CLASS = YES_ERROR;
				CLANG_WARN_QUOTED_INCLUDE_IN_FRAMEWORK_HEADER = YES;
				CLANG_WARN_RANGE_LOOP_ANALYSIS = YES;
				CLANG_WARN_STRICT_PROTOTYPES = YES;
				CLANG_WARN_SUSPICIOUS_MOVE = YES;
				CLANG_WARN_UNGUARDED_AVAILABILITY = YES_AGGRESSIVE;
				CLANG_WARN_UNREACHABLE_CODE = YES;
				CLANG_WARN__DUPLICATE_METHOD_MATCH = YES;
				COPY_PHASE_STRIP = NO;
				DEBUG_INFORMATION_FORMAT = "dwarf-with-dsym";
				ENABLE_NS_ASSERTIONS = NO;
				ENABLE_STRICT_OBJC_MSGSEND = YES;
				GCC_C_LANGUAGE_STANDARD = gnu11;
				GCC_NO_COMMON_BLOCKS = YES;
				GCC_WARN_64_TO_32_BIT_CONVERSION = YES;
				GCC_WARN_ABOUT_RETURN_TYPE = YES_ERROR;
				GCC_WARN_UNDECLARED_SELECTOR = YES;
				GCC_WARN_UNINITIALIZED_AUTOS = YES_AGGRESSIVE;
				GCC_WARN_UNUSED_FUNCTION = YES;
				GCC_WARN_UNUSED_VARIABLE = YES;
				IPHONEOS_DEPLOYMENT_TARGET = 16.1;
				MTL_ENABLE_DEBUG_INFO = NO;
				MTL_FAST_MATH = YES;
				SDKROOT = iphoneos;
				SWIFT_COMPILATION_MODE = wholemodule;
				SWIFT_OPTIMIZATION_LEVEL = "-O";
				VALIDATE_PRODUCT = YES;
			};
			name = Release;
		};
		E110249C2901BB4500CBBA90 /* Debug */ = {
			isa = XCBuildConfiguration;
			buildSettings = {
				ASSETCATALOG_COMPILER_APPICON_NAME = AppIcon;
				ASSETCATALOG_COMPILER_GLOBAL_ACCENT_COLOR_NAME = AccentColor;
				CODE_SIGN_STYLE = Automatic;
				CURRENT_PROJECT_VERSION = 1;
				DEVELOPMENT_ASSET_PATHS = "\"QuickShare2/Preview Content\"";
				DEVELOPMENT_TEAM = 83J86G8NVS;
				ENABLE_PREVIEWS = YES;
				GENERATE_INFOPLIST_FILE = YES;
				INFOPLIST_KEY_NSCameraUsageDescription = "Need to use the camera to take pictures.";
				INFOPLIST_KEY_NSPhotoLibraryAddUsageDescription = "Need to use the photo library to grab pictures.";
				INFOPLIST_KEY_NSPhotoLibraryUsageDescription = "Need to use the photo library to grab pictures.";
				INFOPLIST_KEY_UIApplicationSceneManifest_Generation = YES;
				INFOPLIST_KEY_UIApplicationSupportsIndirectInputEvents = YES;
				INFOPLIST_KEY_UILaunchScreen_Generation = YES;
				INFOPLIST_KEY_UISupportedInterfaceOrientations_iPad = "UIInterfaceOrientationPortrait UIInterfaceOrientationPortraitUpsideDown UIInterfaceOrientationLandscapeLeft UIInterfaceOrientationLandscapeRight";
				INFOPLIST_KEY_UISupportedInterfaceOrientations_iPhone = "UIInterfaceOrientationPortrait UIInterfaceOrientationLandscapeLeft UIInterfaceOrientationLandscapeRight";
				IPHONEOS_DEPLOYMENT_TARGET = 16.1;
				LD_RUNPATH_SEARCH_PATHS = (
					"$(inherited)",
					"@executable_path/Frameworks",
				);
				MARKETING_VERSION = 1.0;
				PRODUCT_BUNDLE_IDENTIFIER = Alnestin.QuickShare2;
				PRODUCT_NAME = "$(TARGET_NAME)";
				SWIFT_EMIT_LOC_STRINGS = YES;
				SWIFT_VERSION = 5.0;
				TARGETED_DEVICE_FAMILY = "1,2";
			};
			name = Debug;
		};
		E110249D2901BB4500CBBA90 /* Release */ = {
			isa = XCBuildConfiguration;
			buildSettings = {
				ASSETCATALOG_COMPILER_APPICON_NAME = AppIcon;
				ASSETCATALOG_COMPILER_GLOBAL_ACCENT_COLOR_NAME = AccentColor;
				CODE_SIGN_STYLE = Automatic;
				CURRENT_PROJECT_VERSION = 1;
				DEVELOPMENT_ASSET_PATHS = "\"QuickShare2/Preview Content\"";
				DEVELOPMENT_TEAM = 83J86G8NVS;
				ENABLE_PREVIEWS = YES;
				GENERATE_INFOPLIST_FILE = YES;
				INFOPLIST_KEY_NSCameraUsageDescription = "Need to use the camera to take pictures.";
				INFOPLIST_KEY_NSPhotoLibraryAddUsageDescription = "Need to use the photo library to grab pictures.";
				INFOPLIST_KEY_NSPhotoLibraryUsageDescription = "Need to use the photo library to grab pictures.";
				INFOPLIST_KEY_UIApplicationSceneManifest_Generation = YES;
				INFOPLIST_KEY_UIApplicationSupportsIndirectInputEvents = YES;
				INFOPLIST_KEY_UILaunchScreen_Generation = YES;
				INFOPLIST_KEY_UISupportedInterfaceOrientations_iPad = "UIInterfaceOrientationPortrait UIInterfaceOrientationPortraitUpsideDown UIInterfaceOrientationLandscapeLeft UIInterfaceOrientationLandscapeRight";
				INFOPLIST_KEY_UISupportedInterfaceOrientations_iPhone = "UIInterfaceOrientationPortrait UIInterfaceOrientationLandscapeLeft UIInterfaceOrientationLandscapeRight";
				IPHONEOS_DEPLOYMENT_TARGET = 16.1;
				LD_RUNPATH_SEARCH_PATHS = (
					"$(inherited)",
					"@executable_path/Frameworks",
				);
				MARKETING_VERSION = 1.0;
				PRODUCT_BUNDLE_IDENTIFIER = Alnestin.QuickShare2;
				PRODUCT_NAME = "$(TARGET_NAME)";
				SWIFT_EMIT_LOC_STRINGS = YES;
				SWIFT_VERSION = 5.0;
				TARGETED_DEVICE_FAMILY = "1,2";
			};
			name = Release;
		};
		E110249F2901BB4500CBBA90 /* Debug */ = {
			isa = XCBuildConfiguration;
			buildSettings = {
				ALWAYS_EMBED_SWIFT_STANDARD_LIBRARIES = YES;
				BUNDLE_LOADER = "$(TEST_HOST)";
				CODE_SIGN_STYLE = Automatic;
				CURRENT_PROJECT_VERSION = 1;
				GENERATE_INFOPLIST_FILE = YES;
				IPHONEOS_DEPLOYMENT_TARGET = 15.5;
				MARKETING_VERSION = 1.0;
				PRODUCT_BUNDLE_IDENTIFIER = Alnestin.QuickShare2Tests;
				PRODUCT_NAME = "$(TARGET_NAME)";
				SWIFT_EMIT_LOC_STRINGS = NO;
				SWIFT_VERSION = 5.0;
				TARGETED_DEVICE_FAMILY = "1,2";
				TEST_HOST = "$(BUILT_PRODUCTS_DIR)/QuickShare2.app/QuickShare2";
			};
			name = Debug;
		};
		E11024A02901BB4500CBBA90 /* Release */ = {
			isa = XCBuildConfiguration;
			buildSettings = {
				ALWAYS_EMBED_SWIFT_STANDARD_LIBRARIES = YES;
				BUNDLE_LOADER = "$(TEST_HOST)";
				CODE_SIGN_STYLE = Automatic;
				CURRENT_PROJECT_VERSION = 1;
				GENERATE_INFOPLIST_FILE = YES;
				IPHONEOS_DEPLOYMENT_TARGET = 15.5;
				MARKETING_VERSION = 1.0;
				PRODUCT_BUNDLE_IDENTIFIER = Alnestin.QuickShare2Tests;
				PRODUCT_NAME = "$(TARGET_NAME)";
				SWIFT_EMIT_LOC_STRINGS = NO;
				SWIFT_VERSION = 5.0;
				TARGETED_DEVICE_FAMILY = "1,2";
				TEST_HOST = "$(BUILT_PRODUCTS_DIR)/QuickShare2.app/QuickShare2";
			};
			name = Release;
		};
		E11024A22901BB4500CBBA90 /* Debug */ = {
			isa = XCBuildConfiguration;
			buildSettings = {
				ALWAYS_EMBED_SWIFT_STANDARD_LIBRARIES = YES;
				CODE_SIGN_STYLE = Automatic;
				CURRENT_PROJECT_VERSION = 1;
				GENERATE_INFOPLIST_FILE = YES;
				MARKETING_VERSION = 1.0;
				PRODUCT_BUNDLE_IDENTIFIER = Alnestin.QuickShare2UITests;
				PRODUCT_NAME = "$(TARGET_NAME)";
				SWIFT_EMIT_LOC_STRINGS = NO;
				SWIFT_VERSION = 5.0;
				TARGETED_DEVICE_FAMILY = "1,2";
				TEST_TARGET_NAME = QuickShare2;
			};
			name = Debug;
		};
		E11024A32901BB4500CBBA90 /* Release */ = {
			isa = XCBuildConfiguration;
			buildSettings = {
				ALWAYS_EMBED_SWIFT_STANDARD_LIBRARIES = YES;
				CODE_SIGN_STYLE = Automatic;
				CURRENT_PROJECT_VERSION = 1;
				GENERATE_INFOPLIST_FILE = YES;
				MARKETING_VERSION = 1.0;
				PRODUCT_BUNDLE_IDENTIFIER = Alnestin.QuickShare2UITests;
				PRODUCT_NAME = "$(TARGET_NAME)";
				SWIFT_EMIT_LOC_STRINGS = NO;
				SWIFT_VERSION = 5.0;
				TARGETED_DEVICE_FAMILY = "1,2";
				TEST_TARGET_NAME = QuickShare2;
			};
			name = Release;
		};
/* End XCBuildConfiguration section */

/* Begin XCConfigurationList section */
		E11024722901BB4200CBBA90 /* Build configuration list for PBXProject "QuickShare2" */ = {
			isa = XCConfigurationList;
			buildConfigurations = (
				E11024992901BB4500CBBA90 /* Debug */,
				E110249A2901BB4500CBBA90 /* Release */,
			);
			defaultConfigurationIsVisible = 0;
			defaultConfigurationName = Release;
		};
		E110249B2901BB4500CBBA90 /* Build configuration list for PBXNativeTarget "QuickShare2" */ = {
			isa = XCConfigurationList;
			buildConfigurations = (
				E110249C2901BB4500CBBA90 /* Debug */,
				E110249D2901BB4500CBBA90 /* Release */,
			);
			defaultConfigurationIsVisible = 0;
			defaultConfigurationName = Release;
		};
		E110249E2901BB4500CBBA90 /* Build configuration list for PBXNativeTarget "QuickShare2Tests" */ = {
			isa = XCConfigurationList;
			buildConfigurations = (
				E110249F2901BB4500CBBA90 /* Debug */,
				E11024A02901BB4500CBBA90 /* Release */,
			);
			defaultConfigurationIsVisible = 0;
			defaultConfigurationName = Release;
		};
		E11024A12901BB4500CBBA90 /* Build configuration list for PBXNativeTarget "QuickShare2UITests" */ = {
			isa = XCConfigurationList;
			buildConfigurations = (
				E11024A22901BB4500CBBA90 /* Debug */,
				E11024A32901BB4500CBBA90 /* Release */,
			);
			defaultConfigurationIsVisible = 0;
			defaultConfigurationName = Release;
		};
/* End XCConfigurationList section */
	};
	rootObject = E110246F2901BB4200CBBA90 /* Project object */;
}
